
Microsoft Visual Studio Solution File, Format Version 12.00
# Visual Studio 15
VisualStudioVersion = 15.0.26124.0
MinimumVisualStudioVersion = 15.0.26124.0
Project("{2150E333-8FDC-42A3-9474-1A3956D46DE8}") = "src", "src", "{B6340B7D-6609-47F5-9AB2-54F1245AA1B5}"
EndProject
Project("{FAE04EC0-301F-11D3-BF4B-00C04F79EFBC}") = "CommandAPI", "src\CommandAPI\CommandAPI.csproj", "{32D1FB9D-DF88-4338-9533-6FFB871551BE}"
EndProject
Project("{2150E333-8FDC-42A3-9474-1A3956D46DE8}") = "test", "test", "{7FB9FADF-EB63-4BF0-87CF-4492FA3E49F5}"
EndProject
Project("{FAE04EC0-301F-11D3-BF4B-00C04F79EFBC}") = "CommandAPI.Tests", "test\CommandAPI.Tests\CommandAPI.Tests.csproj", "{B9BFDF9B-DF3B-401E-BE6F-134AC480EBBD}"
EndProject
Global
	GlobalSection(SolutionConfigurationPlatforms) = preSolution
		Debug|Any CPU = Debug|Any CPU
		Debug|x64 = Debug|x64
		Debug|x86 = Debug|x86
		Release|Any CPU = Release|Any CPU
		Release|x64 = Release|x64
		Release|x86 = Release|x86
	EndGlobalSection
	GlobalSection(SolutionProperties) = preSolution
		HideSolutionNode = FALSE
	EndGlobalSection
	GlobalSection(ProjectConfigurationPlatforms) = postSolution
		{32D1FB9D-DF88-4338-9533-6FFB871551BE}.Debug|Any CPU.ActiveCfg = Debug|Any CPU
		{32D1FB9D-DF88-4338-9533-6FFB871551BE}.Debug|Any CPU.Build.0 = Debug|Any CPU
		{32D1FB9D-DF88-4338-9533-6FFB871551BE}.Debug|x64.ActiveCfg = Debug|Any CPU
		{32D1FB9D-DF88-4338-9533-6FFB871551BE}.Debug|x64.Build.0 = Debug|Any CPU
		{32D1FB9D-DF88-4338-9533-6FFB871551BE}.Debug|x86.ActiveCfg = Debug|Any CPU
		{32D1FB9D-DF88-4338-9533-6FFB871551BE}.Debug|x86.Build.0 = Debug|Any CPU
		{32D1FB9D-DF88-4338-9533-6FFB871551BE}.Release|Any CPU.ActiveCfg = Release|Any CPU
		{32D1FB9D-DF88-4338-9533-6FFB871551BE}.Release|Any CPU.Build.0 = Release|Any CPU
		{32D1FB9D-DF88-4338-9533-6FFB871551BE}.Release|x64.ActiveCfg = Release|Any CPU
		{32D1FB9D-DF88-4338-9533-6FFB871551BE}.Release|x64.Build.0 = Release|Any CPU
		{32D1FB9D-DF88-4338-9533-6FFB871551BE}.Release|x86.ActiveCfg = Release|Any CPU
		{32D1FB9D-DF88-4338-9533-6FFB871551BE}.Release|x86.Build.0 = Release|Any CPU
		{B9BFDF9B-DF3B-401E-BE6F-134AC480EBBD}.Debug|Any CPU.ActiveCfg = Debug|Any CPU
		{B9BFDF9B-DF3B-401E-BE6F-134AC480EBBD}.Debug|Any CPU.Build.0 = Debug|Any CPU
		{B9BFDF9B-DF3B-401E-BE6F-134AC480EBBD}.Debug|x64.ActiveCfg = Debug|Any CPU
		{B9BFDF9B-DF3B-401E-BE6F-134AC480EBBD}.Debug|x64.Build.0 = Debug|Any CPU
		{B9BFDF9B-DF3B-401E-BE6F-134AC480EBBD}.Debug|x86.ActiveCfg = Debug|Any CPU
		{B9BFDF9B-DF3B-401E-BE6F-134AC480EBBD}.Debug|x86.Build.0 = Debug|Any CPU
		{B9BFDF9B-DF3B-401E-BE6F-134AC480EBBD}.Release|Any CPU.ActiveCfg = Release|Any CPU
		{B9BFDF9B-DF3B-401E-BE6F-134AC480EBBD}.Release|Any CPU.Build.0 = Release|Any CPU
		{B9BFDF9B-DF3B-401E-BE6F-134AC480EBBD}.Release|x64.ActiveCfg = Release|Any CPU
		{B9BFDF9B-DF3B-401E-BE6F-134AC480EBBD}.Release|x64.Build.0 = Release|Any CPU
		{B9BFDF9B-DF3B-401E-BE6F-134AC480EBBD}.Release|x86.ActiveCfg = Release|Any CPU
		{B9BFDF9B-DF3B-401E-BE6F-134AC480EBBD}.Release|x86.Build.0 = Release|Any CPU
	EndGlobalSection
	GlobalSection(NestedProjects) = preSolution
		{32D1FB9D-DF88-4338-9533-6FFB871551BE} = {B6340B7D-6609-47F5-9AB2-54F1245AA1B5}
		{B9BFDF9B-DF3B-401E-BE6F-134AC480EBBD} = {7FB9FADF-EB63-4BF0-87CF-4492FA3E49F5}
	EndGlobalSection
EndGlobal
